// !$*UTF8*$!
{
	archiveVersion = 1;
	classes = {
	};
	objectVersion = 56;
	objects = {

/* Begin PBXBuildFile section */
		E8ADE9112C8B0DAF0033BF1A /* AppDelegate.swift in Sources */ = {isa = PBXBuildFile; fileRef = E8ADE9102C8B0DAF0033BF1A /* AppDelegate.swift */; };
		E8ADE9132C8B0DAF0033BF1A /* SceneDelegate.swift in Sources */ = {isa = PBXBuildFile; fileRef = E8ADE9122C8B0DAF0033BF1A /* SceneDelegate.swift */; };
		E8ADE9152C8B0DAF0033BF1A /* ViewController.swift in Sources */ = {isa = PBXBuildFile; fileRef = E8ADE9142C8B0DAF0033BF1A /* ViewController.swift */; };
		E8ADE9182C8B0DAF0033BF1A /* Main.storyboard in Resources */ = {isa = PBXBuildFile; fileRef = E8ADE9162C8B0DAF0033BF1A /* Main.storyboard */; };
		E8ADE91A2C8B0DB00033BF1A /* Assets.xcassets in Resources */ = {isa = PBXBuildFile; fileRef = E8ADE9192C8B0DB00033BF1A /* Assets.xcassets */; };
		E8ADE91D2C8B0DB00033BF1A /* LaunchScreen.storyboard in Resources */ = {isa = PBXBuildFile; fileRef = E8ADE91B2C8B0DB00033BF1A /* LaunchScreen.storyboard */; };
		E8ADE9282C8B0DB10033BF1A /* StoryBoard_To_Do_ListTests.swift in Sources */ = {isa = PBXBuildFile; fileRef = E8ADE9272C8B0DB10033BF1A /* StoryBoard_To_Do_ListTests.swift */; };
		E8ADE9322C8B0DB10033BF1A /* StoryBoard_To_Do_ListUITests.swift in Sources */ = {isa = PBXBuildFile; fileRef = E8ADE9312C8B0DB10033BF1A /* StoryBoard_To_Do_ListUITests.swift */; };
		E8ADE9342C8B0DB10033BF1A /* StoryBoard_To_Do_ListUITestsLaunchTests.swift in Sources */ = {isa = PBXBuildFile; fileRef = E8ADE9332C8B0DB10033BF1A /* StoryBoard_To_Do_ListUITestsLaunchTests.swift */; };
		E8ADE9412C8B1F7F0033BF1A /* EntryViewController.swift in Sources */ = {isa = PBXBuildFile; fileRef = E8ADE9402C8B1F7F0033BF1A /* EntryViewController.swift */; };
		E8ADE9432C8B1F980033BF1A /* TaskViewController.swift in Sources */ = {isa = PBXBuildFile; fileRef = E8ADE9422C8B1F980033BF1A /* TaskViewController.swift */; };
/* End PBXBuildFile section */

/* Begin PBXContainerItemProxy section */
		E8ADE9242C8B0DB10033BF1A /* PBXContainerItemProxy */ = {
			isa = PBXContainerItemProxy;
			containerPortal = E8ADE9052C8B0DAF0033BF1A /* Project object */;
			proxyType = 1;
			remoteGlobalIDString = E8ADE90C2C8B0DAF0033BF1A;
			remoteInfo = StoryBoard_To_Do_List;
		};
		E8ADE92E2C8B0DB10033BF1A /* PBXContainerItemProxy */ = {
			isa = PBXContainerItemProxy;
			containerPortal = E8ADE9052C8B0DAF0033BF1A /* Project object */;
			proxyType = 1;
			remoteGlobalIDString = E8ADE90C2C8B0DAF0033BF1A;
			remoteInfo = StoryBoard_To_Do_List;
		};
/* End PBXContainerItemProxy section */

/* Begin PBXFileReference section */
		E8ADE90D2C8B0DAF0033BF1A /* StoryBoard_To_Do_List.app */ = {isa = PBXFileReference; explicitFileType = wrapper.application; includeInIndex = 0; path = StoryBoard_To_Do_List.app; sourceTree = BUILT_PRODUCTS_DIR; };
		E8ADE9102C8B0DAF0033BF1A /* AppDelegate.swift */ = {isa = PBXFileReference; lastKnownFileType = sourcecode.swift; path = AppDelegate.swift; sourceTree = "<group>"; };
		E8ADE9122C8B0DAF0033BF1A /* SceneDelegate.swift */ = {isa = PBXFileReference; lastKnownFileType = sourcecode.swift; path = SceneDelegate.swift; sourceTree = "<group>"; };
		E8ADE9142C8B0DAF0033BF1A /* ViewController.swift */ = {isa = PBXFileReference; lastKnownFileType = sourcecode.swift; path = ViewController.swift; sourceTree = "<group>"; };
		E8ADE9172C8B0DAF0033BF1A /* Base */ = {isa = PBXFileReference; lastKnownFileType = file.storyboard; name = Base; path = Base.lproj/Main.storyboard; sourceTree = "<group>"; };
		E8ADE9192C8B0DB00033BF1A /* Assets.xcassets */ = {isa = PBXFileReference; lastKnownFileType = folder.assetcatalog; path = Assets.xcassets; sourceTree = "<group>"; };
		E8ADE91C2C8B0DB00033BF1A /* Base */ = {isa = PBXFileReference; lastKnownFileType = file.storyboard; name = Base; path = Base.lproj/LaunchScreen.storyboard; sourceTree = "<group>"; };
		E8ADE91E2C8B0DB00033BF1A /* Info.plist */ = {isa = PBXFileReference; lastKnownFileType = text.plist.xml; path = Info.plist; sourceTree = "<group>"; };
		E8ADE9232C8B0DB10033BF1A /* StoryBoard_To_Do_ListTests.xctest */ = {isa = PBXFileReference; explicitFileType = wrapper.cfbundle; includeInIndex = 0; path = StoryBoard_To_Do_ListTests.xctest; sourceTree = BUILT_PRODUCTS_DIR; };
		E8ADE9272C8B0DB10033BF1A /* StoryBoard_To_Do_ListTests.swift */ = {isa = PBXFileReference; lastKnownFileType = sourcecode.swift; path = StoryBoard_To_Do_ListTests.swift; sourceTree = "<group>"; };
		E8ADE92D2C8B0DB10033BF1A /* StoryBoard_To_Do_ListUITests.xctest */ = {isa = PBXFileReference; explicitFileType = wrapper.cfbundle; includeInIndex = 0; path = StoryBoard_To_Do_ListUITests.xctest; sourceTree = BUILT_PRODUCTS_DIR; };
		E8ADE9312C8B0DB10033BF1A /* StoryBoard_To_Do_ListUITests.swift */ = {isa = PBXFileReference; lastKnownFileType = sourcecode.swift; path = StoryBoard_To_Do_ListUITests.swift; sourceTree = "<group>"; };
		E8ADE9332C8B0DB10033BF1A /* StoryBoard_To_Do_ListUITestsLaunchTests.swift */ = {isa = PBXFileReference; lastKnownFileType = sourcecode.swift; path = StoryBoard_To_Do_ListUITestsLaunchTests.swift; sourceTree = "<group>"; };
		E8ADE9402C8B1F7F0033BF1A /* EntryViewController.swift */ = {isa = PBXFileReference; lastKnownFileType = sourcecode.swift; path = EntryViewController.swift; sourceTree = "<group>"; };
		E8ADE9422C8B1F980033BF1A /* TaskViewController.swift */ = {isa = PBXFileReference; lastKnownFileType = sourcecode.swift; path = TaskViewController.swift; sourceTree = "<group>"; };
/* End PBXFileReference section */

/* Begin PBXFrameworksBuildPhase section */
		E8ADE90A2C8B0DAF0033BF1A /* Frameworks */ = {
			isa = PBXFrameworksBuildPhase;
			buildActionMask = 2147483647;
			files = (
			);
			runOnlyForDeploymentPostprocessing = 0;
		};
		E8ADE9202C8B0DB10033BF1A /* Frameworks */ = {
			isa = PBXFrameworksBuildPhase;
			buildActionMask = 2147483647;
			files = (
			);
			runOnlyForDeploymentPostprocessing = 0;
		};
		E8ADE92A2C8B0DB10033BF1A /* Frameworks */ = {
			isa = PBXFrameworksBuildPhase;
			buildActionMask = 2147483647;
			files = (
			);
			runOnlyForDeploymentPostprocessing = 0;
		};
/* End PBXFrameworksBuildPhase section */

/* Begin PBXGroup section */
		E8ADE9042C8B0DAF0033BF1A = {
			isa = PBXGroup;
			children = (
				E8ADE90F2C8B0DAF0033BF1A /* StoryBoard_To_Do_List */,
				E8ADE9262C8B0DB10033BF1A /* StoryBoard_To_Do_ListTests */,
				E8ADE9302C8B0DB10033BF1A /* StoryBoard_To_Do_ListUITests */,
				E8ADE90E2C8B0DAF0033BF1A /* Products */,
			);
			sourceTree = "<group>";
		};
		E8ADE90E2C8B0DAF0033BF1A /* Products */ = {
			isa = PBXGroup;
			children = (
				E8ADE90D2C8B0DAF0033BF1A /* StoryBoard_To_Do_List.app */,
				E8ADE9232C8B0DB10033BF1A /* StoryBoard_To_Do_ListTests.xctest */,
				E8ADE92D2C8B0DB10033BF1A /* StoryBoard_To_Do_ListUITests.xctest */,
			);
			name = Products;
			sourceTree = "<group>";
		};
		E8ADE90F2C8B0DAF0033BF1A /* StoryBoard_To_Do_List */ = {
			isa = PBXGroup;
			children = (
				E8ADE9102C8B0DAF0033BF1A /* AppDelegate.swift */,
				E8ADE9122C8B0DAF0033BF1A /* SceneDelegate.swift */,
				E8ADE9142C8B0DAF0033BF1A /* ViewController.swift */,
				E8ADE9162C8B0DAF0033BF1A /* Main.storyboard */,
				E8ADE9192C8B0DB00033BF1A /* Assets.xcassets */,
				E8ADE91B2C8B0DB00033BF1A /* LaunchScreen.storyboard */,
				E8ADE91E2C8B0DB00033BF1A /* Info.plist */,
				E8ADE9402C8B1F7F0033BF1A /* EntryViewController.swift */,
				E8ADE9422C8B1F980033BF1A /* TaskViewController.swift */,
			);
			path = StoryBoard_To_Do_List;
			sourceTree = "<group>";
		};
		E8ADE9262C8B0DB10033BF1A /* StoryBoard_To_Do_ListTests */ = {
			isa = PBXGroup;
			children = (
				E8ADE9272C8B0DB10033BF1A /* StoryBoard_To_Do_ListTests.swift */,
			);
			path = StoryBoard_To_Do_ListTests;
			sourceTree = "<group>";
		};
		E8ADE9302C8B0DB10033BF1A /* StoryBoard_To_Do_ListUITests */ = {
			isa = PBXGroup;
			children = (
				E8ADE9312C8B0DB10033BF1A /* StoryBoard_To_Do_ListUITests.swift */,
				E8ADE9332C8B0DB10033BF1A /* StoryBoard_To_Do_ListUITestsLaunchTests.swift */,
			);
			path = StoryBoard_To_Do_ListUITests;
			sourceTree = "<group>";
		};
/* End PBXGroup section */

/* Begin PBXNativeTarget section */
		E8ADE90C2C8B0DAF0033BF1A /* StoryBoard_To_Do_List */ = {
			isa = PBXNativeTarget;
			buildConfigurationList = E8ADE9372C8B0DB10033BF1A /* Build configuration list for PBXNativeTarget "StoryBoard_To_Do_List" */;
			buildPhases = (
				E8ADE9092C8B0DAF0033BF1A /* Sources */,
				E8ADE90A2C8B0DAF0033BF1A /* Frameworks */,
				E8ADE90B2C8B0DAF0033BF1A /* Resources */,
			);
			buildRules = (
			);
			dependencies = (
			);
			name = StoryBoard_To_Do_List;
			productName = StoryBoard_To_Do_List;
			productReference = E8ADE90D2C8B0DAF0033BF1A /* StoryBoard_To_Do_List.app */;
			productType = "com.apple.product-type.application";
		};
		E8ADE9222C8B0DB10033BF1A /* StoryBoard_To_Do_ListTests */ = {
			isa = PBXNativeTarget;
			buildConfigurationList = E8ADE93A2C8B0DB10033BF1A /* Build configuration list for PBXNativeTarget "StoryBoard_To_Do_ListTests" */;
			buildPhases = (
				E8ADE91F2C8B0DB10033BF1A /* Sources */,
				E8ADE9202C8B0DB10033BF1A /* Frameworks */,
				E8ADE9212C8B0DB10033BF1A /* Resources */,
			);
			buildRules = (
			);
			dependencies = (
				E8ADE9252C8B0DB10033BF1A /* PBXTargetDependency */,
			);
			name = StoryBoard_To_Do_ListTests;
			productName = StoryBoard_To_Do_ListTests;
			productReference = E8ADE9232C8B0DB10033BF1A /* StoryBoard_To_Do_ListTests.xctest */;
			productType = "com.apple.product-type.bundle.unit-test";
		};
		E8ADE92C2C8B0DB10033BF1A /* StoryBoard_To_Do_ListUITests */ = {
			isa = PBXNativeTarget;
			buildConfigurationList = E8ADE93D2C8B0DB10033BF1A /* Build configuration list for PBXNativeTarget "StoryBoard_To_Do_ListUITests" */;
			buildPhases = (
				E8ADE9292C8B0DB10033BF1A /* Sources */,
				E8ADE92A2C8B0DB10033BF1A /* Frameworks */,
				E8ADE92B2C8B0DB10033BF1A /* Resources */,
			);
			buildRules = (
			);
			dependencies = (
				E8ADE92F2C8B0DB10033BF1A /* PBXTargetDependency */,
			);
			name = StoryBoard_To_Do_ListUITests;
			productName = StoryBoard_To_Do_ListUITests;
			productReference = E8ADE92D2C8B0DB10033BF1A /* StoryBoard_To_Do_ListUITests.xctest */;
			productType = "com.apple.product-type.bundle.ui-testing";
		};
/* End PBXNativeTarget section */

/* Begin PBXProject section */
		E8ADE9052C8B0DAF0033BF1A /* Project object */ = {
			isa = PBXProject;
			attributes = {
				BuildIndependentTargetsInParallel = 1;
				LastSwiftUpdateCheck = 1520;
				LastUpgradeCheck = 1520;
				TargetAttributes = {
					E8ADE90C2C8B0DAF0033BF1A = {
						CreatedOnToolsVersion = 15.2;
					};
					E8ADE9222C8B0DB10033BF1A = {
						CreatedOnToolsVersion = 15.2;
						TestTargetID = E8ADE90C2C8B0DAF0033BF1A;
					};
					E8ADE92C2C8B0DB10033BF1A = {
						CreatedOnToolsVersion = 15.2;
						TestTargetID = E8ADE90C2C8B0DAF0033BF1A;
					};
				};
			};
			buildConfigurationList = E8ADE9082C8B0DAF0033BF1A /* Build configuration list for PBXProject "StoryBoard_To_Do_List" */;
			compatibilityVersion = "Xcode 14.0";
			developmentRegion = en;
			hasScannedForEncodings = 0;
			knownRegions = (
				en,
				Base,
			);
			mainGroup = E8ADE9042C8B0DAF0033BF1A;
			productRefGroup = E8ADE90E2C8B0DAF0033BF1A /* Products */;
			projectDirPath = "";
			projectRoot = "";
			targets = (
				E8ADE90C2C8B0DAF0033BF1A /* StoryBoard_To_Do_List */,
				E8ADE9222C8B0DB10033BF1A /* StoryBoard_To_Do_ListTests */,
				E8ADE92C2C8B0DB10033BF1A /* StoryBoard_To_Do_ListUITests */,
			);
		};
/* End PBXProject section */

/* Begin PBXResourcesBuildPhase section */
		E8ADE90B2C8B0DAF0033BF1A /* Resources */ = {
			isa = PBXResourcesBuildPhase;
			buildActionMask = 2147483647;
			files = (
				E8ADE91D2C8B0DB00033BF1A /* LaunchScreen.storyboard in Resources */,
				E8ADE91A2C8B0DB00033BF1A /* Assets.xcassets in Resources */,
				E8ADE9182C8B0DAF0033BF1A /* Main.storyboard in Resources */,
			);
			runOnlyForDeploymentPostprocessing = 0;
		};
		E8ADE9212C8B0DB10033BF1A /* Resources */ = {
			isa = PBXResourcesBuildPhase;
			buildActionMask = 2147483647;
			files = (
			);
			runOnlyForDeploymentPostprocessing = 0;
		};
		E8ADE92B2C8B0DB10033BF1A /* Resources */ = {
			isa = PBXResourcesBuildPhase;
			buildActionMask = 2147483647;
			files = (
			);
			runOnlyForDeploymentPostprocessing = 0;
		};
/* End PBXResourcesBuildPhase section */

/* Begin PBXSourcesBuildPhase section */
		E8ADE9092C8B0DAF0033BF1A /* Sources */ = {
			isa = PBXSourcesBuildPhase;
			buildActionMask = 2147483647;
			files = (
				E8ADE9152C8B0DAF0033BF1A /* ViewController.swift in Sources */,
				E8ADE9412C8B1F7F0033BF1A /* EntryViewController.swift in Sources */,
				E8ADE9432C8B1F980033BF1A /* TaskViewController.swift in Sources */,
				E8ADE9112C8B0DAF0033BF1A /* AppDelegate.swift in Sources */,
				E8ADE9132C8B0DAF0033BF1A /* SceneDelegate.swift in Sources */,
			);
			runOnlyForDeploymentPostprocessing = 0;
		};
		E8ADE91F2C8B0DB10033BF1A /* Sources */ = {
			isa = PBXSourcesBuildPhase;
			buildActionMask = 2147483647;
			files = (
				E8ADE9282C8B0DB10033BF1A /* StoryBoard_To_Do_ListTests.swift in Sources */,
			);
			runOnlyForDeploymentPostprocessing = 0;
		};
		E8ADE9292C8B0DB10033BF1A /* Sources */ = {
			isa = PBXSourcesBuildPhase;
			buildActionMask = 2147483647;
			files = (
				E8ADE9322C8B0DB10033BF1A /* StoryBoard_To_Do_ListUITests.swift in Sources */,
				E8ADE9342C8B0DB10033BF1A /* StoryBoard_To_Do_ListUITestsLaunchTests.swift in Sources */,
			);
			runOnlyForDeploymentPostprocessing = 0;
		};
/* End PBXSourcesBuildPhase section */

/* Begin PBXTargetDependency section */
		E8ADE9252C8B0DB10033BF1A /* PBXTargetDependency */ = {
			isa = PBXTargetDependency;
			target = E8ADE90C2C8B0DAF0033BF1A /* StoryBoard_To_Do_List */;
			targetProxy = E8ADE9242C8B0DB10033BF1A /* PBXContainerItemProxy */;
		};
		E8ADE92F2C8B0DB10033BF1A /* PBXTargetDependency */ = {
			isa = PBXTargetDependency;
			target = E8ADE90C2C8B0DAF0033BF1A /* StoryBoard_To_Do_List */;
			targetProxy = E8ADE92E2C8B0DB10033BF1A /* PBXContainerItemProxy */;
		};
/* End PBXTargetDependency section */

/* Begin PBXVariantGroup section */
		E8ADE9162C8B0DAF0033BF1A /* Main.storyboard */ = {
			isa = PBXVariantGroup;
			children = (
				E8ADE9172C8B0DAF0033BF1A /* Base */,
			);
			name = Main.storyboard;
			sourceTree = "<group>";
		};
		E8ADE91B2C8B0DB00033BF1A /* LaunchScreen.storyboard */ = {
			isa = PBXVariantGroup;
			children = (
				E8ADE91C2C8B0DB00033BF1A /* Base */,
			);
			name = LaunchScreen.storyboard;
			sourceTree = "<group>";
		};
/* End PBXVariantGroup section */

/* Begin XCBuildConfiguration section */
		E8ADE9352C8B0DB10033BF1A /* Debug */ = {
			isa = XCBuildConfiguration;
			buildSettings = {
				ALWAYS_SEARCH_USER_PATHS = NO;
				ASSETCATALOG_COMPILER_GENERATE_SWIFT_ASSET_SYMBOL_EXTENSIONS = YES;
				CLANG_ANALYZER_NONNULL = YES;
				CLANG_ANALYZER_NUMBER_OBJECT_CONVERSION = YES_AGGRESSIVE;
				CLANG_CXX_LANGUAGE_STANDARD = "gnu++20";
				CLANG_ENABLE_MODULES = YES;
				CLANG_ENABLE_OBJC_ARC = YES;
				CLANG_ENABLE_OBJC_WEAK = YES;
				CLANG_WARN_BLOCK_CAPTURE_AUTORELEASING = YES;
				CLANG_WARN_BOOL_CONVERSION = YES;
				CLANG_WARN_COMMA = YES;
				CLANG_WARN_CONSTANT_CONVERSION = YES;
				CLANG_WARN_DEPRECATED_OBJC_IMPLEMENTATIONS = YES;
				CLANG_WARN_DIRECT_OBJC_ISA_USAGE = YES_ERROR;
				CLANG_WARN_DOCUMENTATION_COMMENTS = YES;
				CLANG_WARN_EMPTY_BODY = YES;
				CLANG_WARN_ENUM_CONVERSION = YES;
				CLANG_WARN_INFINITE_RECURSION = YES;
				CLANG_WARN_INT_CONVERSION = YES;
				CLANG_WARN_NON_LITERAL_NULL_CONVERSION = YES;
				CLANG_WARN_OBJC_IMPLICIT_RETAIN_SELF = YES;
				CLANG_WARN_OBJC_LITERAL_CONVERSION = YES;
				CLANG_WARN_OBJC_ROOT_CLASS = YES_ERROR;
				CLANG_WARN_QUOTED_INCLUDE_IN_FRAMEWORK_HEADER = YES;
				CLANG_WARN_RANGE_LOOP_ANALYSIS = YES;
				CLANG_WARN_STRICT_PROTOTYPES = YES;
				CLANG_WARN_SUSPICIOUS_MOVE = YES;
				CLANG_WARN_UNGUARDED_AVAILABILITY = YES_AGGRESSIVE;
				CLANG_WARN_UNREACHABLE_CODE = YES;
				CLANG_WARN__DUPLICATE_METHOD_MATCH = YES;
				COPY_PHASE_STRIP = NO;
				DEBUG_INFORMATION_FORMAT = dwarf;
				ENABLE_STRICT_OBJC_MSGSEND = YES;
				ENABLE_TESTABILITY = YES;
				ENABLE_USER_SCRIPT_SANDBOXING = YES;
				GCC_C_LANGUAGE_STANDARD = gnu17;
				GCC_DYNAMIC_NO_PIC = NO;
				GCC_NO_COMMON_BLOCKS = YES;
				GCC_OPTIMIZATION_LEVEL = 0;
				GCC_PREPROCESSOR_DEFINITIONS = (
					"DEBUG=1",
					"$(inherited)",
				);
				GCC_WARN_64_TO_32_BIT_CONVERSION = YES;
				GCC_WARN_ABOUT_RETURN_TYPE = YES_ERROR;
				GCC_WARN_UNDECLARED_SELECTOR = YES;
				GCC_WARN_UNINITIALIZED_AUTOS = YES_AGGRESSIVE;
				GCC_WARN_UNUSED_FUNCTION = YES;
				GCC_WARN_UNUSED_VARIABLE = YES;
				IPHONEOS_DEPLOYMENT_TARGET = 17.2;
				LOCALIZATION_PREFERS_STRING_CATALOGS = YES;
				MTL_ENABLE_DEBUG_INFO = INCLUDE_SOURCE;
				MTL_FAST_MATH = YES;
				ONLY_ACTIVE_ARCH = YES;
				SDKROOT = iphoneos;
				SWIFT_ACTIVE_COMPILATION_CONDITIONS = "DEBUG $(inherited)";
				SWIFT_OPTIMIZATION_LEVEL = "-Onone";
			};
			name = Debug;
		};
		E8ADE9362C8B0DB10033BF1A /* Release */ = {
			isa = XCBuildConfiguration;
			buildSettings = {
				ALWAYS_SEARCH_USER_PATHS = NO;
				ASSETCATALOG_COMPILER_GENERATE_SWIFT_ASSET_SYMBOL_EXTENSIONS = YES;
				CLANG_ANALYZER_NONNULL = YES;
				CLANG_ANALYZER_NUMBER_OBJECT_CONVERSION = YES_AGGRESSIVE;
				CLANG_CXX_LANGUAGE_STANDARD = "gnu++20";
				CLANG_ENABLE_MODULES = YES;
				CLANG_ENABLE_OBJC_ARC = YES;
				CLANG_ENABLE_OBJC_WEAK = YES;
				CLANG_WARN_BLOCK_CAPTURE_AUTORELEASING = YES;
				CLANG_WARN_BOOL_CONVERSION = YES;
				CLANG_WARN_COMMA = YES;
				CLANG_WARN_CONSTANT_CONVERSION = YES;
				CLANG_WARN_DEPRECATED_OBJC_IMPLEMENTATIONS = YES;
				CLANG_WARN_DIRECT_OBJC_ISA_USAGE = YES_ERROR;
				CLANG_WARN_DOCUMENTATION_COMMENTS = YES;
				CLANG_WARN_EMPTY_BODY = YES;
				CLANG_WARN_ENUM_CONVERSION = YES;
				CLANG_WARN_INFINITE_RECURSION = YES;
				CLANG_WARN_INT_CONVERSION = YES;
				CLANG_WARN_NON_LITERAL_NULL_CONVERSION = YES;
				CLANG_WARN_OBJC_IMPLICIT_RETAIN_SELF = YES;
				CLANG_WARN_OBJC_LITERAL_CONVERSION = YES;
				CLANG_WARN_OBJC_ROOT_CLASS = YES_ERROR;
				CLANG_WARN_QUOTED_INCLUDE_IN_FRAMEWORK_HEADER = YES;
				CLANG_WARN_RANGE_LOOP_ANALYSIS = YES;
				CLANG_WARN_STRICT_PROTOTYPES = YES;
				CLANG_WARN_SUSPICIOUS_MOVE = YES;
				CLANG_WARN_UNGUARDED_AVAILABILITY = YES_AGGRESSIVE;
				CLANG_WARN_UNREACHABLE_CODE = YES;
				CLANG_WARN__DUPLICATE_METHOD_MATCH = YES;
				COPY_PHASE_STRIP = NO;
				DEBUG_INFORMATION_FORMAT = "dwarf-with-dsym";
				ENABLE_NS_ASSERTIONS = NO;
				ENABLE_STRICT_OBJC_MSGSEND = YES;
				ENABLE_USER_SCRIPT_SANDBOXING = YES;
				GCC_C_LANGUAGE_STANDARD = gnu17;
				GCC_NO_COMMON_BLOCKS = YES;
				GCC_WARN_64_TO_32_BIT_CONVERSION = YES;
				GCC_WARN_ABOUT_RETURN_TYPE = YES_ERROR;
				GCC_WARN_UNDECLARED_SELECTOR = YES;
				GCC_WARN_UNINITIALIZED_AUTOS = YES_AGGRESSIVE;
				GCC_WARN_UNUSED_FUNCTION = YES;
				GCC_WARN_UNUSED_VARIABLE = YES;
				IPHONEOS_DEPLOYMENT_TARGET = 17.2;
				LOCALIZATION_PREFERS_STRING_CATALOGS = YES;
				MTL_ENABLE_DEBUG_INFO = NO;
				MTL_FAST_MATH = YES;
				SDKROOT = iphoneos;
				SWIFT_COMPILATION_MODE = wholemodule;
				VALIDATE_PRODUCT = YES;
			};
			name = Release;
		};
		E8ADE9382C8B0DB10033BF1A /* Debug */ = {
			isa = XCBuildConfiguration;
			buildSettings = {
				ASSETCATALOG_COMPILER_APPICON_NAME = AppIcon;
				ASSETCATALOG_COMPILER_GLOBAL_ACCENT_COLOR_NAME = AccentColor;
				CODE_SIGN_STYLE = Automatic;
				CURRENT_PROJECT_VERSION = 1;
				GENERATE_INFOPLIST_FILE = YES;
				INFOPLIST_FILE = StoryBoard_To_Do_List/Info.plist;
				INFOPLIST_KEY_UIApplicationSupportsIndirectInputEvents = YES;
				INFOPLIST_KEY_UILaunchStoryboardName = LaunchScreen;
				INFOPLIST_KEY_UIMainStoryboardFile = Main;
				INFOPLIST_KEY_UISupportedInterfaceOrientations_iPad = "UIInterfaceOrientationPortrait UIInterfaceOrientationPortraitUpsideDown UIInterfaceOrientationLandscapeLeft UIInterfaceOrientationLandscapeRight";
				INFOPLIST_KEY_UISupportedInterfaceOrientations_iPhone = "UIInterfaceOrientationPortrait UIInterfaceOrientationLandscapeLeft UIInterfaceOrientationLandscapeRight";
				LD_RUNPATH_SEARCH_PATHS = (
					"$(inherited)",
					"@executable_path/Frameworks",
				);
				MARKETING_VERSION = 1.0;
				PRODUCT_BUNDLE_IDENTIFIER = "none.StoryBoard-To-Do-List";
				PRODUCT_NAME = "$(TARGET_NAME)";
				SWIFT_EMIT_LOC_STRINGS = YES;
				SWIFT_VERSION = 5.0;
				TARGETED_DEVICE_FAMILY = "1,2";
			};
			name = Debug;
		};
		E8ADE9392C8B0DB10033BF1A /* Release */ = {
			isa = XCBuildConfiguration;
			buildSettings = {
				ASSETCATALOG_COMPILER_APPICON_NAME = AppIcon;
				ASSETCATALOG_COMPILER_GLOBAL_ACCENT_COLOR_NAME = AccentColor;
				CODE_SIGN_STYLE = Automatic;
				CURRENT_PROJECT_VERSION = 1;
				GENERATE_INFOPLIST_FILE = YES;
				INFOPLIST_FILE = StoryBoard_To_Do_List/Info.plist;
				INFOPLIST_KEY_UIApplicationSupportsIndirectInputEvents = YES;
				INFOPLIST_KEY_UILaunchStoryboardName = LaunchScreen;
				INFOPLIST_KEY_UIMainStoryboardFile = Main;
				INFOPLIST_KEY_UISupportedInterfaceOrientations_iPad = "UIInterfaceOrientationPortrait UIInterfaceOrientationPortraitUpsideDown UIInterfaceOrientationLandscapeLeft UIInterfaceOrientationLandscapeRight";
				INFOPLIST_KEY_UISupportedInterfaceOrientations_iPhone = "UIInterfaceOrientationPortrait UIInterfaceOrientationLandscapeLeft UIInterfaceOrientationLandscapeRight";
				LD_RUNPATH_SEARCH_PATHS = (
					"$(inherited)",
					"@executable_path/Frameworks",
				);
				MARKETING_VERSION = 1.0;
				PRODUCT_BUNDLE_IDENTIFIER = "none.StoryBoard-To-Do-List";
				PRODUCT_NAME = "$(TARGET_NAME)";
				SWIFT_EMIT_LOC_STRINGS = YES;
				SWIFT_VERSION = 5.0;
				TARGETED_DEVICE_FAMILY = "1,2";
			};
			name = Release;
		};
		E8ADE93B2C8B0DB10033BF1A /* Debug */ = {
			isa = XCBuildConfiguration;
			buildSettings = {
				ALWAYS_EMBED_SWIFT_STANDARD_LIBRARIES = YES;
				BUNDLE_LOADER = "$(TEST_HOST)";
				CODE_SIGN_STYLE = Automatic;
				CURRENT_PROJECT_VERSION = 1;
				GENERATE_INFOPLIST_FILE = YES;
				IPHONEOS_DEPLOYMENT_TARGET = 17.2;
				MARKETING_VERSION = 1.0;
				PRODUCT_BUNDLE_IDENTIFIER = "none.StoryBoard-To-Do-ListTests";
				PRODUCT_NAME = "$(TARGET_NAME)";
				SWIFT_EMIT_LOC_STRINGS = NO;
				SWIFT_VERSION = 5.0;
				TARGETED_DEVICE_FAMILY = "1,2";
				TEST_HOST = "$(BUILT_PRODUCTS_DIR)/StoryBoard_To_Do_List.app/$(BUNDLE_EXECUTABLE_FOLDER_PATH)/StoryBoard_To_Do_List";
			};
			name = Debug;
		};
		E8ADE93C2C8B0DB10033BF1A /* Release */ = {
			isa = XCBuildConfiguration;
			buildSettings = {
				ALWAYS_EMBED_SWIFT_STANDARD_LIBRARIES = YES;
				BUNDLE_LOADER = "$(TEST_HOST)";
				CODE_SIGN_STYLE = Automatic;
				CURRENT_PROJECT_VERSION = 1;
				GENERATE_INFOPLIST_FILE = YES;
				IPHONEOS_DEPLOYMENT_TARGET = 17.2;
				MARKETING_VERSION = 1.0;
				PRODUCT_BUNDLE_IDENTIFIER = "none.StoryBoard-To-Do-ListTests";
				PRODUCT_NAME = "$(TARGET_NAME)";
				SWIFT_EMIT_LOC_STRINGS = NO;
				SWIFT_VERSION = 5.0;
				TARGETED_DEVICE_FAMILY = "1,2";
				TEST_HOST = "$(BUILT_PRODUCTS_DIR)/StoryBoard_To_Do_List.app/$(BUNDLE_EXECUTABLE_FOLDER_PATH)/StoryBoard_To_Do_List";
			};
			name = Release;
		};
		E8ADE93E2C8B0DB10033BF1A /* Debug */ = {
			isa = XCBuildConfiguration;
			buildSettings = {
				ALWAYS_EMBED_SWIFT_STANDARD_LIBRARIES = YES;
				CODE_SIGN_STYLE = Automatic;
				CURRENT_PROJECT_VERSION = 1;
				GENERATE_INFOPLIST_FILE = YES;
				MARKETING_VERSION = 1.0;
				PRODUCT_BUNDLE_IDENTIFIER = "none.StoryBoard-To-Do-ListUITests";
				PRODUCT_NAME = "$(TARGET_NAME)";
				SWIFT_EMIT_LOC_STRINGS = NO;
				SWIFT_VERSION = 5.0;
				TARGETED_DEVICE_FAMILY = "1,2";
				TEST_TARGET_NAME = StoryBoard_To_Do_List;
			};
			name = Debug;
		};
		E8ADE93F2C8B0DB10033BF1A /* Release */ = {
			isa = XCBuildConfiguration;
			buildSettings = {
				ALWAYS_EMBED_SWIFT_STANDARD_LIBRARIES = YES;
				CODE_SIGN_STYLE = Automatic;
				CURRENT_PROJECT_VERSION = 1;
				GENERATE_INFOPLIST_FILE = YES;
				MARKETING_VERSION = 1.0;
				PRODUCT_BUNDLE_IDENTIFIER = "none.StoryBoard-To-Do-ListUITests";
				PRODUCT_NAME = "$(TARGET_NAME)";
				SWIFT_EMIT_LOC_STRINGS = NO;
				SWIFT_VERSION = 5.0;
				TARGETED_DEVICE_FAMILY = "1,2";
				TEST_TARGET_NAME = StoryBoard_To_Do_List;
			};
			name = Release;
		};
/* End XCBuildConfiguration section */

/* Begin XCConfigurationList section */
		E8ADE9082C8B0DAF0033BF1A /* Build configuration list for PBXProject "StoryBoard_To_Do_List" */ = {
			isa = XCConfigurationList;
			buildConfigurations = (
				E8ADE9352C8B0DB10033BF1A /* Debug */,
				E8ADE9362C8B0DB10033BF1A /* Release */,
			);
			defaultConfigurationIsVisible = 0;
			defaultConfigurationName = Release;
		};
		E8ADE9372C8B0DB10033BF1A /* Build configuration list for PBXNativeTarget "StoryBoard_To_Do_List" */ = {
			isa = XCConfigurationList;
			buildConfigurations = (
				E8ADE9382C8B0DB10033BF1A /* Debug */,
				E8ADE9392C8B0DB10033BF1A /* Release */,
			);
			defaultConfigurationIsVisible = 0;
			defaultConfigurationName = Release;
		};
		E8ADE93A2C8B0DB10033BF1A /* Build configuration list for PBXNativeTarget "StoryBoard_To_Do_ListTests" */ = {
			isa = XCConfigurationList;
			buildConfigurations = (
				E8ADE93B2C8B0DB10033BF1A /* Debug */,
				E8ADE93C2C8B0DB10033BF1A /* Release */,
			);
			defaultConfigurationIsVisible = 0;
			defaultConfigurationName = Release;
		};
		E8ADE93D2C8B0DB10033BF1A /* Build configuration list for PBXNativeTarget "StoryBoard_To_Do_ListUITests" */ = {
			isa = XCConfigurationList;
			buildConfigurations = (
				E8ADE93E2C8B0DB10033BF1A /* Debug */,
				E8ADE93F2C8B0DB10033BF1A /* Release */,
			);
			defaultConfigurationIsVisible = 0;
			defaultConfigurationName = Release;
		};
/* End XCConfigurationList section */
	};
	rootObject = E8ADE9052C8B0DAF0033BF1A /* Project object */;
}
